
Microsoft Visual Studio Solution File, Format Version 12.00
# Visual Studio Version 17
VisualStudioVersion = 17.8.34309.116
MinimumVisualStudioVersion = 10.0.40219.1
Project("{9A19103F-16F7-4668-BE54-9A1E7A4F7556}") = "Exercise1_TomskNIPIneft", "Exercise1_TomskNIPIneft\Exercise1_TomskNIPIneft.csproj", "{13CE5D9F-DB42-4083-8771-0C6063A62AC1}"
EndProject
Project("{2150E333-8FDC-42A3-9474-1A3956D46DE8}") = "Test", "Test", "{F41B4EEA-F5FC-4CAB-B255-4E1B05E5CDF8}"
EndProject
Project("{FAE04EC0-301F-11D3-BF4B-00C04F79EFBC}") = "TestConsole", "TestConsole\TestConsole.csproj", "{04678911-A232-4ABE-B588-964187214283}"
EndProject
Global
	GlobalSection(SolutionConfigurationPlatforms) = preSolution
		Debug|Any CPU = Debug|Any CPU
		Release|Any CPU = Release|Any CPU
	EndGlobalSection
	GlobalSection(ProjectConfigurationPlatforms) = postSolution
		{13CE5D9F-DB42-4083-8771-0C6063A62AC1}.Debug|Any CPU.ActiveCfg = Debug|Any CPU
		{13CE5D9F-DB42-4083-8771-0C6063A62AC1}.Debug|Any CPU.Build.0 = Debug|Any CPU
		{13CE5D9F-DB42-4083-8771-0C6063A62AC1}.Release|Any CPU.ActiveCfg = Release|Any CPU
		{13CE5D9F-DB42-4083-8771-0C6063A62AC1}.Release|Any CPU.Build.0 = Release|Any CPU
		{04678911-A232-4ABE-B588-964187214283}.Debug|Any CPU.ActiveCfg = Debug|Any CPU
		{04678911-A232-4ABE-B588-964187214283}.Debug|Any CPU.Build.0 = Debug|Any CPU
		{04678911-A232-4ABE-B588-964187214283}.Release|Any CPU.ActiveCfg = Release|Any CPU
		{04678911-A232-4ABE-B588-964187214283}.Release|Any CPU.Build.0 = Release|Any CPU
	EndGlobalSection
	GlobalSection(SolutionProperties) = preSolution
		HideSolutionNode = FALSE
	EndGlobalSection
	GlobalSection(NestedProjects) = preSolution
		{04678911-A232-4ABE-B588-964187214283} = {F41B4EEA-F5FC-4CAB-B255-4E1B05E5CDF8}
	EndGlobalSection
	GlobalSection(ExtensibilityGlobals) = postSolution
		SolutionGuid = {27F808C6-64E2-4A4E-82E0-9AD40A39C678}
	EndGlobalSection
EndGlobal
